
Microsoft Visual Studio Solution File, Format Version 12.00
# Visual Studio Version 16
VisualStudioVersion = 16.0.33423.256
MinimumVisualStudioVersion = 10.0.40219.1
Project("{FAE04EC0-301F-11D3-BF4B-00C04F79EFBC}") = "Revision", "Revision.csproj", "{7FF9822A-A185-42B3-B7E1-4D959B525430}"
EndProject
Global
	GlobalSection(SolutionConfigurationPlatforms) = preSolution
		Debug|Any CPU = Debug|Any CPU
		Release|Any CPU = Release|Any CPU
	EndGlobalSection
	GlobalSection(ProjectConfigurationPlatforms) = postSolution
		{7FF9822A-A185-42B3-B7E1-4D959B525430}.Debug|Any CPU.ActiveCfg = Debug|Any CPU
		{7FF9822A-A185-42B3-B7E1-4D959B525430}.Debug|Any CPU.Build.0 = Debug|Any CPU
		{7FF9822A-A185-42B3-B7E1-4D959B525430}.Release|Any CPU.ActiveCfg = Release|Any CPU
		{7FF9822A-A185-42B3-B7E1-4D959B525430}.Release|Any CPU.Build.0 = Release|Any CPU
	EndGlobalSection
	GlobalSection(SolutionProperties) = preSolution
		HideSolutionNode = FALSE
	EndGlobalSection
	GlobalSection(ExtensibilityGlobals) = postSolution
		SolutionGuid = {336AF8B4-E757-43BE-A36D-40FD5030DF55}
	EndGlobalSection
EndGlobal
